{
  "name": "@construct0/nyzo.cl",
  "version": "0.1.0",
  "lockfileVersion": 3,
  "requires": true,
  "packages": {
    "": {
      "name": "@construct0/nyzo.cl",
      "version": "0.1.0",
      "license": "Apache-2.0",
      "dependencies": {
        "tweetnacl": "^1.0.0-rc.1"
      }
    },
    "node_modules/tweetnacl": {
      "version": "1.0.0-rc.1",
      "resolved": "https://registry.npmjs.org/tweetnacl/-/tweetnacl-1.0.0-rc.1.tgz",
      "integrity": "sha512-XpmupDGsLWOcAFjfNRm8wyYGQOhWR0R42X+VMMMqB6g1V/heXvP4NQfvBkK6XTlQp8KMvcOo7xCTDTQXtJmAWg=="
    }
  }
}
